{
  "nodes": {
    "cloudtide": {
      "inputs": {
        "nixpkgs": [
          "nixpkgs"
        ]
      },
      "locked": {
        "lastModified": 1725539443,
        "narHash": "sha256-O76VeiG2AVu1s8OUvnCx0Uc7yppHEgXsqDEGhbN/J5Y=",
        "owner": "parsifa1",
        "repo": "nixpkg",
        "rev": "1979c85510961f694c9eb0eb08ce41817b13cc84",
        "type": "github"
      },
      "original": {
        "owner": "parsifa1",
        "repo": "nixpkg",
        "type": "github"
      }
    },
    "fenix": {
      "inputs": {
        "nixpkgs": [
          "nixpkgs"
        ],
        "rust-analyzer-src": "rust-analyzer-src"
      },
      "locked": {
        "lastModified": 1726381916,
        "narHash": "sha256-/ybEGP0EyalM6UNe8hnx/SqcGtey+UMtKKOy1sCpX7I=",
        "owner": "nix-community",
        "repo": "fenix",
        "rev": "3ade5be29c0ed4f5aeb93d9293a2b5bad62f1d1c",
        "type": "github"
      },
      "original": {
        "owner": "nix-community",
        "repo": "fenix",
        "type": "github"
      }
    },
    "flake-compat": {
      "flake": false,
      "locked": {
        "lastModified": 1696426674,
        "narHash": "sha256-kvjfFW7WAETZlt09AgDn1MrtKzP7t90Vf7vypd3OL1U=",
        "owner": "edolstra",
        "repo": "flake-compat",
        "rev": "0f9255e01c2351cc7d116c072cb317785dd33b33",
        "type": "github"
      },
      "original": {
        "owner": "edolstra",
        "repo": "flake-compat",
        "type": "github"
      }
    },
    "flake-utils": {
      "inputs": {
        "systems": "systems"
      },
      "locked": {
        "lastModified": 1710146030,
        "narHash": "sha256-SZ5L6eA7HJ/nmkzGG7/ISclqe6oZdOZTNoesiInkXPQ=",
        "owner": "numtide",
        "repo": "flake-utils",
        "rev": "b1d9ab70662946ef0850d488da1c9019f3a9752a",
        "type": "github"
      },
      "original": {
        "owner": "numtide",
        "repo": "flake-utils",
        "type": "github"
      }
    },
    "home-manager": {
      "inputs": {
        "nixpkgs": [
          "nixpkgs"
        ]
      },
      "locked": {
        "lastModified": 1726357542,
        "narHash": "sha256-p4OrJL2weh0TRtaeu1fmNYP6+TOp/W2qdaIJxxQay4c=",
        "owner": "nix-community",
        "repo": "home-manager",
        "rev": "e524c57b1fa55d6ca9d8354c6ce1e538d2a1f47f",
        "type": "github"
      },
      "original": {
        "owner": "nix-community",
        "repo": "home-manager",
        "type": "github"
      }
    },
    "nix-index-database": {
      "inputs": {
        "nixpkgs": [
          "nixpkgs"
        ]
      },
      "locked": {
        "lastModified": 1726370017,
        "narHash": "sha256-CJOV4JiLhd++w9K+h2z00DiB4R1CCuElWzhldrXSq5w=",
        "owner": "nix-community",
        "repo": "nix-index-database",
        "rev": "0a2fba621b6bbf06be0b4edd974236e3d2fcc1a9",
        "type": "github"
      },
      "original": {
        "owner": "nix-community",
        "repo": "nix-index-database",
        "type": "github"
      }
    },
    "nixos-wsl": {
      "inputs": {
        "flake-compat": "flake-compat",
        "flake-utils": "flake-utils",
        "nixpkgs": [
          "nixpkgs"
        ]
      },
      "locked": {
        "lastModified": 1725882169,
        "narHash": "sha256-v5L+Dh6KdyycIgcdIc6SQ1fRNNvFJmYz02+fyeptA2o=",
        "owner": "nix-community",
        "repo": "NixOS-WSL",
        "rev": "34b95b3962f5b3436d4bae5091d1b2ff7c1eb180",
        "type": "github"
      },
      "original": {
        "owner": "nix-community",
        "repo": "NixOS-WSL",
        "type": "github"
      }
    },
    "nixpkgs": {
      "locked": {
        "lastModified": 1726243404,
        "narHash": "sha256-sjiGsMh+1cWXb53Tecsm4skyFNag33GPbVgCdfj3n9I=",
        "owner": "nixos",
        "repo": "nixpkgs",
        "rev": "345c263f2f53a3710abe117f28a5cb86d0ba4059",
        "type": "github"
      },
      "original": {
        "owner": "nixos",
        "ref": "nixos-unstable",
        "repo": "nixpkgs",
        "type": "github"
      }
    },
    "nixpkgs-master": {
      "locked": {
        "lastModified": 1726404648,
        "narHash": "sha256-ZStfNZNA7URPVs7Y74qZhHuwkGYEYioQxxdbj+4IT8Q=",
        "owner": "nixos",
        "repo": "nixpkgs",
        "rev": "52ca802a964650e5817cd1f35dfabf9eaec9d227",
        "type": "github"
      },
      "original": {
        "owner": "nixos",
        "ref": "master",
        "repo": "nixpkgs",
        "type": "github"
      }
    },
    "root": {
      "inputs": {
        "cloudtide": "cloudtide",
        "fenix": "fenix",
        "home-manager": "home-manager",
        "nix-index-database": "nix-index-database",
        "nixos-wsl": "nixos-wsl",
        "nixpkgs": "nixpkgs",
        "nixpkgs-master": "nixpkgs-master"
      }
    },
    "rust-analyzer-src": {
      "flake": false,
      "locked": {
        "lastModified": 1726220668,
        "narHash": "sha256-0Cb2bK2eyZ1njSX3593USMlcrj94VZprNN1/HllIfgw=",
        "owner": "rust-lang",
        "repo": "rust-analyzer",
        "rev": "4221354a8fe90ea8218d3757d14735eac08d3e81",
        "type": "github"
      },
      "original": {
        "owner": "rust-lang",
        "ref": "nightly",
        "repo": "rust-analyzer",
        "type": "github"
      }
    },
    "systems": {
      "locked": {
        "lastModified": 1681028828,
        "narHash": "sha256-Vy1rq5AaRuLzOxct8nz4T6wlgyUR7zLU309k9mBC768=",
        "owner": "nix-systems",
        "repo": "default",
        "rev": "da67096a3b9bf56a91d16901293e51ba5b49a27e",
        "type": "github"
      },
      "original": {
        "owner": "nix-systems",
        "repo": "default",
        "type": "github"
      }
    }
  },
  "root": "root",
  "version": 7
}
